{
  "name": "compterm",
  "lockfileVersion": 3,
  "requires": true,
  "packages": {
    "": {
      "dependencies": {
        "@xterm/addon-image": "^0.7.0-beta.1",
        "@xterm/addon-web-links": "^0.10.0-beta.1",
        "xterm": "^5.3.0"
      }
    },
    "node_modules/@xterm/addon-image": {
      "version": "0.7.0",
      "resolved": "https://registry.npmjs.org/@xterm/addon-image/-/addon-image-0.7.0.tgz",
      "integrity": "sha512-OXJvmWXhJ5tdqSFX9yR2/d9AXwOz8+lJOghEPu2lSuwgLlMcOZ2YA+YuxPrisXIB2UctEHPAvVDGLbS9cESbzg==",
      "peerDependencies": {
        "@xterm/xterm": "^5.2.0"
      }
    },
    "node_modules/@xterm/addon-web-links": {
      "version": "0.10.0",
      "resolved": "https://registry.npmjs.org/@xterm/addon-web-links/-/addon-web-links-0.10.0.tgz",
      "integrity": "sha512-QhrHCUr8w6ATGviyXwcAIM1qN3nD1hdxwMC8fsW7z/6aaQlb2nt7zmByJt4eOn7ZzrHOzczljqV5S2pkdQp2xw==",
      "peerDependencies": {
        "@xterm/xterm": "^5.0.0"
      }
    },
    "node_modules/@xterm/xterm": {
      "version": "5.4.0",
      "resolved": "https://registry.npmjs.org/@xterm/xterm/-/xterm-5.4.0.tgz",
      "integrity": "sha512-GlyzcZZ7LJjhFevthHtikhiDIl8lnTSgol6eTM4aoSNLcuXu3OEhnbqdCVIjtIil3jjabf3gDtb1S8FGahsuEw==",
      "peer": true
    },
    "node_modules/xterm": {
      "version": "5.3.0",
      "resolved": "https://registry.npmjs.org/xterm/-/xterm-5.3.0.tgz",
      "integrity": "sha512-8QqjlekLUFTrU6x7xck1MsPzPA571K5zNqWm0M0oroYEWVOptZ0+ubQSkQ3uxIEhcIHRujJy6emDWX4A7qyFzg=="
    }
  }
}
